{
  "name": "elfit-nutrition-app",
  "lockfileVersion": 3,
  "requires": true,
  "packages": {
    "": {
      "name": "elfit-nutrition-app",
      "version": "0.1.0",
      "dependencies": {
        "@hookform/resolvers": "^3.3.4",
        "@lucide/react": "^0.364.0",
        "@radix-ui/react-checkbox": "^1.0.5",
        "@radix-ui/react-dialog": "^1.0.5",
        "@radix-ui/react-dropdown-menu": "^2.0.6",
        "@radix-ui/react-label": "^2.0.2",
        "@radix-ui/react-switch": "^1.0.3",
        "@radix-ui/react-tabs": "^1.0.4",
        "@tanstack/react-table": "^8.9.7",
        "class-variance-authority": "^0.7.0",
        "classnames": "^2.5.1",
        "clsx": "^2.1.0",
        "date-fns": "^3.6.0",
        "ics": "^2.41.0",
        "js-file-download": "^0.4.12",
        "jspdf": "^2.5.1",
        "lucide-react": "^0.364.0",
        "mongodb": "^6.3.0",
        "next": "14.1.0",
        "next-pwa": "^5.6.0",
        "next-themes": "^0.2.1",
        "papaparse": "^5.4.1",
        "react": "18.2.0",
        "react-dom": "18.2.0",
        "react-hook-form": "^7.51.3",
        "workbox-window": "^7.1.0",
        "zod": "^3.22.4"
      },
      "devDependencies": {
        "@playwright/test": "^1.43.1",
        "@types/node": "20.11.24",
        "@types/react": "18.2.64",
        "@types/react-dom": "18.2.21",
        "autoprefixer": "10.4.17",
        "eslint": "8.56.0",
        "eslint-config-next": "14.1.0",
        "postcss": "8.4.35",
        "tailwindcss": "3.4.1",
        "tailwind-merge": "^2.2.1",
        "ts-node": "10.9.2",
        "typescript": "5.3.3",
        "vite-tsconfig-paths": "^4.3.1",
        "vitest": "1.4.0"
      }
    }
  }
}
